
Microsoft Visual Studio Solution File, Format Version 12.00
# Visual Studio Version 17
VisualStudioVersion = 17.8.34525.116
MinimumVisualStudioVersion = 10.0.40219.1
Project("{9A19103F-16F7-4668-BE54-9A1E7A4F7556}") = "WebApplication2", "WebApplication2\WebApplication2.csproj", "{50B73D18-0357-4305-A674-655292600850}"
EndProject
Project("{FAE04EC0-301F-11D3-BF4B-00C04F79EFBC}") = "TeacherRepository", "TeacherRepository\TeacherRepository.csproj", "{CA434867-C4EE-4BF6-8146-1C1B0D85A986}"
EndProject
Project("{FAE04EC0-301F-11D3-BF4B-00C04F79EFBC}") = "Common", "Common\Common.csproj", "{D6A32A2A-FB20-4DC9-9080-3E4D60DAA3DD}"
EndProject
Project("{FAE04EC0-301F-11D3-BF4B-00C04F79EFBC}") = "TeacherServices", "TeacherServices\TeacherServices.csproj", "{59246DF1-0F84-40CF-BE5B-283D785A6ABC}"
EndProject
Global
	GlobalSection(SolutionConfigurationPlatforms) = preSolution
		Debug|Any CPU = Debug|Any CPU
		Release|Any CPU = Release|Any CPU
	EndGlobalSection
	GlobalSection(ProjectConfigurationPlatforms) = postSolution
		{50B73D18-0357-4305-A674-655292600850}.Debug|Any CPU.ActiveCfg = Debug|Any CPU
		{50B73D18-0357-4305-A674-655292600850}.Debug|Any CPU.Build.0 = Debug|Any CPU
		{50B73D18-0357-4305-A674-655292600850}.Release|Any CPU.ActiveCfg = Release|Any CPU
		{50B73D18-0357-4305-A674-655292600850}.Release|Any CPU.Build.0 = Release|Any CPU
		{CA434867-C4EE-4BF6-8146-1C1B0D85A986}.Debug|Any CPU.ActiveCfg = Debug|Any CPU
		{CA434867-C4EE-4BF6-8146-1C1B0D85A986}.Debug|Any CPU.Build.0 = Debug|Any CPU
		{CA434867-C4EE-4BF6-8146-1C1B0D85A986}.Release|Any CPU.ActiveCfg = Release|Any CPU
		{CA434867-C4EE-4BF6-8146-1C1B0D85A986}.Release|Any CPU.Build.0 = Release|Any CPU
		{D6A32A2A-FB20-4DC9-9080-3E4D60DAA3DD}.Debug|Any CPU.ActiveCfg = Debug|Any CPU
		{D6A32A2A-FB20-4DC9-9080-3E4D60DAA3DD}.Debug|Any CPU.Build.0 = Debug|Any CPU
		{D6A32A2A-FB20-4DC9-9080-3E4D60DAA3DD}.Release|Any CPU.ActiveCfg = Release|Any CPU
		{D6A32A2A-FB20-4DC9-9080-3E4D60DAA3DD}.Release|Any CPU.Build.0 = Release|Any CPU
		{59246DF1-0F84-40CF-BE5B-283D785A6ABC}.Debug|Any CPU.ActiveCfg = Debug|Any CPU
		{59246DF1-0F84-40CF-BE5B-283D785A6ABC}.Debug|Any CPU.Build.0 = Debug|Any CPU
		{59246DF1-0F84-40CF-BE5B-283D785A6ABC}.Release|Any CPU.ActiveCfg = Release|Any CPU
		{59246DF1-0F84-40CF-BE5B-283D785A6ABC}.Release|Any CPU.Build.0 = Release|Any CPU
	EndGlobalSection
	GlobalSection(SolutionProperties) = preSolution
		HideSolutionNode = FALSE
	EndGlobalSection
	GlobalSection(ExtensibilityGlobals) = postSolution
		SolutionGuid = {592C4469-7F0A-46AE-B662-4BC3944F165B}
	EndGlobalSection
EndGlobal
